
Microsoft Visual Studio Solution File, Format Version 12.00
# Visual Studio Version 17
VisualStudioVersion = 17.6.33815.320
MinimumVisualStudioVersion = 10.0.40219.1
Project("{FAE04EC0-301F-11D3-BF4B-00C04F79EFBC}") = "Contravariance", "Contravariance\Contravariance.csproj", "{9D82C7E7-C820-47C3-828B-DF6A0C9B37E8}"
EndProject
Global
	GlobalSection(SolutionConfigurationPlatforms) = preSolution
		Debug|Any CPU = Debug|Any CPU
		Release|Any CPU = Release|Any CPU
	EndGlobalSection
	GlobalSection(ProjectConfigurationPlatforms) = postSolution
		{9D82C7E7-C820-47C3-828B-DF6A0C9B37E8}.Debug|Any CPU.ActiveCfg = Debug|Any CPU
		{9D82C7E7-C820-47C3-828B-DF6A0C9B37E8}.Debug|Any CPU.Build.0 = Debug|Any CPU
		{9D82C7E7-C820-47C3-828B-DF6A0C9B37E8}.Release|Any CPU.ActiveCfg = Release|Any CPU
		{9D82C7E7-C820-47C3-828B-DF6A0C9B37E8}.Release|Any CPU.Build.0 = Release|Any CPU
	EndGlobalSection
	GlobalSection(SolutionProperties) = preSolution
		HideSolutionNode = FALSE
	EndGlobalSection
	GlobalSection(ExtensibilityGlobals) = postSolution
		SolutionGuid = {92AEA2EE-DC79-428A-896D-D39FD8B60AEC}
	EndGlobalSection
EndGlobal
